
Microsoft Visual Studio Solution File, Format Version 12.00
# Visual Studio Version 17
VisualStudioVersion = 17.8.34511.84
MinimumVisualStudioVersion = 10.0.40219.1
Project("{FAE04EC0-301F-11D3-BF4B-00C04F79EFBC}") = "Snake", "Snake\Snake.csproj", "{0A1F3C2A-645C-41D6-9F4D-3C83C33B9924}"
EndProject
Global
	GlobalSection(SolutionConfigurationPlatforms) = preSolution
		Debug|Any CPU = Debug|Any CPU
		Release|Any CPU = Release|Any CPU
	EndGlobalSection
	GlobalSection(ProjectConfigurationPlatforms) = postSolution
		{0A1F3C2A-645C-41D6-9F4D-3C83C33B9924}.Debug|Any CPU.ActiveCfg = Debug|Any CPU
		{0A1F3C2A-645C-41D6-9F4D-3C83C33B9924}.Debug|Any CPU.Build.0 = Debug|Any CPU
		{0A1F3C2A-645C-41D6-9F4D-3C83C33B9924}.Release|Any CPU.ActiveCfg = Release|Any CPU
		{0A1F3C2A-645C-41D6-9F4D-3C83C33B9924}.Release|Any CPU.Build.0 = Release|Any CPU
	EndGlobalSection
	GlobalSection(SolutionProperties) = preSolution
		HideSolutionNode = FALSE
	EndGlobalSection
	GlobalSection(ExtensibilityGlobals) = postSolution
		SolutionGuid = {552970F9-2933-4474-83E5-87A054EE6C2E}
	EndGlobalSection
EndGlobal
